// !$*UTF8*$!
{
	archiveVersion = 1;
	classes = {
	};
	objectVersion = 46;
	objects = {

/* Begin PBXBuildFile section */
		0920E17FB37DDDB04C96B81A /* Pods_PalCine.framework in Frameworks */ = {isa = PBXBuildFile; fileRef = 5ED292444A406BC3A31FD38D /* Pods_PalCine.framework */; };
		8306CF831F799B5A008A97DF /* GenresLabel.swift in Sources */ = {isa = PBXBuildFile; fileRef = 8306CF821F799B5A008A97DF /* GenresLabel.swift */; };
		830B78A21FA8FA3A006A2C16 /* HomeViewController.swift in Sources */ = {isa = PBXBuildFile; fileRef = 830B78A11FA8FA3A006A2C16 /* HomeViewController.swift */; };
		833BEDE62156A71D00581F0E /* DetailViewModel.swift in Sources */ = {isa = PBXBuildFile; fileRef = 833BEDE52156A71D00581F0E /* DetailViewModel.swift */; };
		833BEDE82156C69400581F0E /* CastListViewModel.swift in Sources */ = {isa = PBXBuildFile; fileRef = 833BEDE72156C69400581F0E /* CastListViewModel.swift */; };
		833BEDEA215E7D5700581F0E /* GenderTagStackVIew.swift in Sources */ = {isa = PBXBuildFile; fileRef = 833BEDE9215E7D5700581F0E /* GenderTagStackVIew.swift */; };
		833BEDED2162ACC300581F0E /* MyCollectionViewDataSource.swift in Sources */ = {isa = PBXBuildFile; fileRef = 833BEDEC2162ACC300581F0E /* MyCollectionViewDataSource.swift */; };
		833BEDF02167D26100581F0E /* FavoriteListViewModel.swift in Sources */ = {isa = PBXBuildFile; fileRef = 833BEDEF2167D26100581F0E /* FavoriteListViewModel.swift */; };
		833BEDF22167E05300581F0E /* MyTableViewDataSource.swift in Sources */ = {isa = PBXBuildFile; fileRef = 833BEDF12167E05300581F0E /* MyTableViewDataSource.swift */; };
		833BEDF42167F25800581F0E /* SearchListViewModel.swift in Sources */ = {isa = PBXBuildFile; fileRef = 833BEDF32167F25800581F0E /* SearchListViewModel.swift */; };
		833BEDF62177881D00581F0E /* PlayTrailerButton.swift in Sources */ = {isa = PBXBuildFile; fileRef = 833BEDF52177881D00581F0E /* PlayTrailerButton.swift */; };
		833BEDF8217C022D00581F0E /* Animations.swift in Sources */ = {isa = PBXBuildFile; fileRef = 833BEDF7217C022D00581F0E /* Animations.swift */; };
		835D149F1F50CA5E0081A8B9 /* CastCollectionViewCell.swift in Sources */ = {isa = PBXBuildFile; fileRef = 835D149E1F50CA5E0081A8B9 /* CastCollectionViewCell.swift */; };
		835D14A11F5464B20081A8B9 /* Cast.swift in Sources */ = {isa = PBXBuildFile; fileRef = 835D14A01F5464B20081A8B9 /* Cast.swift */; };
		835D14A31F62DE370081A8B9 /* SearchViewController.swift in Sources */ = {isa = PBXBuildFile; fileRef = 835D14A21F62DE370081A8B9 /* SearchViewController.swift */; };
		83627F011F0162E4006E3BDA /* Utils+Extensions.swift in Sources */ = {isa = PBXBuildFile; fileRef = 83627F001F0162E4006E3BDA /* Utils+Extensions.swift */; };
		83627F031F0A8B33006E3BDA /* DetailViewController.swift in Sources */ = {isa = PBXBuildFile; fileRef = 83627F021F0A8B33006E3BDA /* DetailViewController.swift */; };
		836C64692138CD84003C00CD /* MovieListViewModel.swift in Sources */ = {isa = PBXBuildFile; fileRef = 836C64682138CD84003C00CD /* MovieListViewModel.swift */; };
		8389F4F8217FBB7B0008C5E7 /* NetNotificationView.swift in Sources */ = {isa = PBXBuildFile; fileRef = 8389F4F7217FBB7B0008C5E7 /* NetNotificationView.swift */; };
		8392662A1FD4ADD3001DD2ED /* PersistanceService.swift in Sources */ = {isa = PBXBuildFile; fileRef = 839266291FD4ADD3001DD2ED /* PersistanceService.swift */; };
		839266371FD4C5EA001DD2ED /* MovieEntity+CoreDataProperties.swift in Sources */ = {isa = PBXBuildFile; fileRef = 839266331FD4C5E9001DD2ED /* MovieEntity+CoreDataProperties.swift */; };
		839266381FD4C5EA001DD2ED /* CastEntity.swift in Sources */ = {isa = PBXBuildFile; fileRef = 839266341FD4C5E9001DD2ED /* CastEntity.swift */; };
		839266391FD4C5EA001DD2ED /* MovieEntity.swift in Sources */ = {isa = PBXBuildFile; fileRef = 839266351FD4C5E9001DD2ED /* MovieEntity.swift */; };
		8392663A1FD4C5EA001DD2ED /* CastEntity+CoreDataProperties.swift in Sources */ = {isa = PBXBuildFile; fileRef = 839266361FD4C5E9001DD2ED /* CastEntity+CoreDataProperties.swift */; };
		839715341EAA5186003E356A /* AppDelegate.swift in Sources */ = {isa = PBXBuildFile; fileRef = 839715331EAA5186003E356A /* AppDelegate.swift */; };
		839715391EAA5186003E356A /* Main.storyboard in Resources */ = {isa = PBXBuildFile; fileRef = 839715371EAA5186003E356A /* Main.storyboard */; };
		8397153B1EAA5186003E356A /* Assets.xcassets in Resources */ = {isa = PBXBuildFile; fileRef = 8397153A1EAA5186003E356A /* Assets.xcassets */; };
		8397153E1EAA5186003E356A /* LaunchScreen.storyboard in Resources */ = {isa = PBXBuildFile; fileRef = 8397153C1EAA5186003E356A /* LaunchScreen.storyboard */; };
		839715461EAA5B8E003E356A /* WebService.swift in Sources */ = {isa = PBXBuildFile; fileRef = 839715451EAA5B8E003E356A /* WebService.swift */; };
		839715481EB27868003E356A /* Movie.swift in Sources */ = {isa = PBXBuildFile; fileRef = 839715471EB27868003E356A /* Movie.swift */; };
		839715EC1EBB7B4A003E356A /* MovieCollectionViewCell.swift in Sources */ = {isa = PBXBuildFile; fileRef = 839715EB1EBB7B4A003E356A /* MovieCollectionViewCell.swift */; };
		83A19EE91FFD671C0012965F /* MovieDetailCurveShape.swift in Sources */ = {isa = PBXBuildFile; fileRef = 83A19EE81FFD671C0012965F /* MovieDetailCurveShape.swift */; };
		83CBDFCF1FAAAD7F002C0268 /* MovieCategoryTableViewCell.swift in Sources */ = {isa = PBXBuildFile; fileRef = 83CBDFCE1FAAAD7F002C0268 /* MovieCategoryTableViewCell.swift */; };
		83CBDFD11FAB8487002C0268 /* LoadingScreenViewController.swift in Sources */ = {isa = PBXBuildFile; fileRef = 83CBDFD01FAB8487002C0268 /* LoadingScreenViewController.swift */; };
		83CBDFD31FACB11C002C0268 /* FeatureMovieTableViewCell.swift in Sources */ = {isa = PBXBuildFile; fileRef = 83CBDFD21FACB11C002C0268 /* FeatureMovieTableViewCell.swift */; };
		83CBDFD51FBF74C6002C0268 /* FavoritesViewController.swift in Sources */ = {isa = PBXBuildFile; fileRef = 83CBDFD41FBF74C6002C0268 /* FavoritesViewController.swift */; };
		83CBDFF61FD35AFD002C0268 /* MovieModel.xcdatamodeld in Sources */ = {isa = PBXBuildFile; fileRef = 83CBDFF41FD35AFD002C0268 /* MovieModel.xcdatamodeld */; };
		83D1465B2150382B00AA7F64 /* FeatureMovieViewModel.swift in Sources */ = {isa = PBXBuildFile; fileRef = 83D1465A2150382B00AA7F64 /* FeatureMovieViewModel.swift */; };
		83E1DA95218CF0C300266F37 /* RootViewController.swift in Sources */ = {isa = PBXBuildFile; fileRef = 83E1DA94218CF0C300266F37 /* RootViewController.swift */; };
/* End PBXBuildFile section */

/* Begin PBXFileReference section */
		5ED292444A406BC3A31FD38D /* Pods_PalCine.framework */ = {isa = PBXFileReference; explicitFileType = wrapper.framework; includeInIndex = 0; path = Pods_PalCine.framework; sourceTree = BUILT_PRODUCTS_DIR; };
		663EAD38ACB8D40D785F00C3 /* Pods-PalCine.release.xcconfig */ = {isa = PBXFileReference; includeInIndex = 1; lastKnownFileType = text.xcconfig; name = "Pods-PalCine.release.xcconfig"; path = "Pods/Target Support Files/Pods-PalCine/Pods-PalCine.release.xcconfig"; sourceTree = "<group>"; };
		8306CF821F799B5A008A97DF /* GenresLabel.swift */ = {isa = PBXFileReference; lastKnownFileType = sourcecode.swift; path = GenresLabel.swift; sourceTree = "<group>"; };
		830B78A11FA8FA3A006A2C16 /* HomeViewController.swift */ = {isa = PBXFileReference; lastKnownFileType = sourcecode.swift; path = HomeViewController.swift; sourceTree = "<group>"; };
		833BEDE52156A71D00581F0E /* DetailViewModel.swift */ = {isa = PBXFileReference; lastKnownFileType = sourcecode.swift; path = DetailViewModel.swift; sourceTree = "<group>"; };
		833BEDE72156C69400581F0E /* CastListViewModel.swift */ = {isa = PBXFileReference; lastKnownFileType = sourcecode.swift; path = CastListViewModel.swift; sourceTree = "<group>"; };
		833BEDE9215E7D5700581F0E /* GenderTagStackVIew.swift */ = {isa = PBXFileReference; lastKnownFileType = sourcecode.swift; path = GenderTagStackVIew.swift; sourceTree = "<group>"; };
		833BEDEC2162ACC300581F0E /* MyCollectionViewDataSource.swift */ = {isa = PBXFileReference; lastKnownFileType = sourcecode.swift; path = MyCollectionViewDataSource.swift; sourceTree = "<group>"; };
		833BEDEF2167D26100581F0E /* FavoriteListViewModel.swift */ = {isa = PBXFileReference; lastKnownFileType = sourcecode.swift; path = FavoriteListViewModel.swift; sourceTree = "<group>"; };
		833BEDF12167E05300581F0E /* MyTableViewDataSource.swift */ = {isa = PBXFileReference; lastKnownFileType = sourcecode.swift; path = MyTableViewDataSource.swift; sourceTree = "<group>"; };
		833BEDF32167F25800581F0E /* SearchListViewModel.swift */ = {isa = PBXFileReference; lastKnownFileType = sourcecode.swift; path = SearchListViewModel.swift; sourceTree = "<group>"; };
		833BEDF52177881D00581F0E /* PlayTrailerButton.swift */ = {isa = PBXFileReference; lastKnownFileType = sourcecode.swift; path = PlayTrailerButton.swift; sourceTree = "<group>"; };
		833BEDF7217C022D00581F0E /* Animations.swift */ = {isa = PBXFileReference; lastKnownFileType = sourcecode.swift; path = Animations.swift; sourceTree = "<group>"; };
		835D149E1F50CA5E0081A8B9 /* CastCollectionViewCell.swift */ = {isa = PBXFileReference; fileEncoding = 4; lastKnownFileType = sourcecode.swift; path = CastCollectionViewCell.swift; sourceTree = "<group>"; };
		835D14A01F5464B20081A8B9 /* Cast.swift */ = {isa = PBXFileReference; fileEncoding = 4; lastKnownFileType = sourcecode.swift; path = Cast.swift; sourceTree = "<group>"; };
		835D14A21F62DE370081A8B9 /* SearchViewController.swift */ = {isa = PBXFileReference; fileEncoding = 4; lastKnownFileType = sourcecode.swift; path = SearchViewController.swift; sourceTree = "<group>"; };
		83627F001F0162E4006E3BDA /* Utils+Extensions.swift */ = {isa = PBXFileReference; fileEncoding = 4; lastKnownFileType = sourcecode.swift; path = "Utils+Extensions.swift"; sourceTree = "<group>"; };
		83627F021F0A8B33006E3BDA /* DetailViewController.swift */ = {isa = PBXFileReference; fileEncoding = 4; lastKnownFileType = sourcecode.swift; path = DetailViewController.swift; sourceTree = "<group>"; };
		836C64682138CD84003C00CD /* MovieListViewModel.swift */ = {isa = PBXFileReference; lastKnownFileType = sourcecode.swift; path = MovieListViewModel.swift; sourceTree = "<group>"; };
		8389F4F7217FBB7B0008C5E7 /* NetNotificationView.swift */ = {isa = PBXFileReference; lastKnownFileType = sourcecode.swift; path = NetNotificationView.swift; sourceTree = "<group>"; };
		839266291FD4ADD3001DD2ED /* PersistanceService.swift */ = {isa = PBXFileReference; lastKnownFileType = sourcecode.swift; path = PersistanceService.swift; sourceTree = "<group>"; };
		839266331FD4C5E9001DD2ED /* MovieEntity+CoreDataProperties.swift */ = {isa = PBXFileReference; lastKnownFileType = sourcecode.swift; name = "MovieEntity+CoreDataProperties.swift"; path = "/Users/oscarsantos/Desktop/IOS Proyects/MovieOS/PalCine/MovieEntity+CoreDataProperties.swift"; sourceTree = "<absolute>"; };
		839266341FD4C5E9001DD2ED /* CastEntity.swift */ = {isa = PBXFileReference; lastKnownFileType = sourcecode.swift; name = CastEntity.swift; path = "/Users/oscarsantos/Desktop/IOS Proyects/MovieOS/PalCine/CastEntity.swift"; sourceTree = "<absolute>"; };
		839266351FD4C5E9001DD2ED /* MovieEntity.swift */ = {isa = PBXFileReference; lastKnownFileType = sourcecode.swift; name = MovieEntity.swift; path = "/Users/oscarsantos/Desktop/IOS Proyects/MovieOS/PalCine/MovieEntity.swift"; sourceTree = "<absolute>"; };
		839266361FD4C5E9001DD2ED /* CastEntity+CoreDataProperties.swift */ = {isa = PBXFileReference; lastKnownFileType = sourcecode.swift; name = "CastEntity+CoreDataProperties.swift"; path = "/Users/oscarsantos/Desktop/IOS Proyects/MovieOS/PalCine/CastEntity+CoreDataProperties.swift"; sourceTree = "<absolute>"; };
		839715301EAA5186003E356A /* PalCine.app */ = {isa = PBXFileReference; explicitFileType = wrapper.application; includeInIndex = 0; path = PalCine.app; sourceTree = BUILT_PRODUCTS_DIR; };
		839715331EAA5186003E356A /* AppDelegate.swift */ = {isa = PBXFileReference; lastKnownFileType = sourcecode.swift; path = AppDelegate.swift; sourceTree = "<group>"; };
		839715381EAA5186003E356A /* Base */ = {isa = PBXFileReference; lastKnownFileType = file.storyboard; name = Base; path = Base.lproj/Main.storyboard; sourceTree = "<group>"; };
		8397153A1EAA5186003E356A /* Assets.xcassets */ = {isa = PBXFileReference; lastKnownFileType = folder.assetcatalog; path = Assets.xcassets; sourceTree = "<group>"; };
		8397153D1EAA5186003E356A /* Base */ = {isa = PBXFileReference; lastKnownFileType = file.storyboard; name = Base; path = Base.lproj/LaunchScreen.storyboard; sourceTree = "<group>"; };
		8397153F1EAA5186003E356A /* Info.plist */ = {isa = PBXFileReference; lastKnownFileType = text.plist.xml; path = Info.plist; sourceTree = "<group>"; };
		839715451EAA5B8E003E356A /* WebService.swift */ = {isa = PBXFileReference; fileEncoding = 4; lastKnownFileType = sourcecode.swift; path = WebService.swift; sourceTree = "<group>"; };
		839715471EB27868003E356A /* Movie.swift */ = {isa = PBXFileReference; fileEncoding = 4; lastKnownFileType = sourcecode.swift; path = Movie.swift; sourceTree = "<group>"; };
		839715EB1EBB7B4A003E356A /* MovieCollectionViewCell.swift */ = {isa = PBXFileReference; fileEncoding = 4; lastKnownFileType = sourcecode.swift; path = MovieCollectionViewCell.swift; sourceTree = "<group>"; };
		83A19EE81FFD671C0012965F /* MovieDetailCurveShape.swift */ = {isa = PBXFileReference; lastKnownFileType = sourcecode.swift; path = MovieDetailCurveShape.swift; sourceTree = "<group>"; };
		83CBDFCE1FAAAD7F002C0268 /* MovieCategoryTableViewCell.swift */ = {isa = PBXFileReference; lastKnownFileType = sourcecode.swift; path = MovieCategoryTableViewCell.swift; sourceTree = "<group>"; };
		83CBDFD01FAB8487002C0268 /* LoadingScreenViewController.swift */ = {isa = PBXFileReference; lastKnownFileType = sourcecode.swift; path = LoadingScreenViewController.swift; sourceTree = "<group>"; };
		83CBDFD21FACB11C002C0268 /* FeatureMovieTableViewCell.swift */ = {isa = PBXFileReference; lastKnownFileType = sourcecode.swift; path = FeatureMovieTableViewCell.swift; sourceTree = "<group>"; };
		83CBDFD41FBF74C6002C0268 /* FavoritesViewController.swift */ = {isa = PBXFileReference; lastKnownFileType = sourcecode.swift; path = FavoritesViewController.swift; sourceTree = "<group>"; };
		83CBDFF51FD35AFD002C0268 /* Movie.xcdatamodel */ = {isa = PBXFileReference; lastKnownFileType = wrapper.xcdatamodel; path = Movie.xcdatamodel; sourceTree = "<group>"; };
		83D1465A2150382B00AA7F64 /* FeatureMovieViewModel.swift */ = {isa = PBXFileReference; lastKnownFileType = sourcecode.swift; path = FeatureMovieViewModel.swift; sourceTree = "<group>"; };
		83E1DA94218CF0C300266F37 /* RootViewController.swift */ = {isa = PBXFileReference; lastKnownFileType = sourcecode.swift; path = RootViewController.swift; sourceTree = "<group>"; };
		D6CD0864ED6B60693E006C84 /* Pods-PalCine.debug.xcconfig */ = {isa = PBXFileReference; includeInIndex = 1; lastKnownFileType = text.xcconfig; name = "Pods-PalCine.debug.xcconfig"; path = "Pods/Target Support Files/Pods-PalCine/Pods-PalCine.debug.xcconfig"; sourceTree = "<group>"; };
/* End PBXFileReference section */

/* Begin PBXFrameworksBuildPhase section */
		8397152D1EAA5185003E356A /* Frameworks */ = {
			isa = PBXFrameworksBuildPhase;
			buildActionMask = 2147483647;
			files = (
				0920E17FB37DDDB04C96B81A /* Pods_PalCine.framework in Frameworks */,
			);
			runOnlyForDeploymentPostprocessing = 0;
		};
/* End PBXFrameworksBuildPhase section */

/* Begin PBXGroup section */
		6A9ED57635AE381AF0600287 /* Frameworks */ = {
			isa = PBXGroup;
			children = (
				5ED292444A406BC3A31FD38D /* Pods_PalCine.framework */,
			);
			name = Frameworks;
			sourceTree = "<group>";
		};
		833BEDEB2162ABDE00581F0E /* Data Source */ = {
			isa = PBXGroup;
			children = (
				833BEDEC2162ACC300581F0E /* MyCollectionViewDataSource.swift */,
				833BEDF12167E05300581F0E /* MyTableViewDataSource.swift */,
			);
			name = "Data Source";
			sourceTree = "<group>";
		};
		833BEDEE2163B74000581F0E /* Cells */ = {
			isa = PBXGroup;
			children = (
				835D149E1F50CA5E0081A8B9 /* CastCollectionViewCell.swift */,
				839715EB1EBB7B4A003E356A /* MovieCollectionViewCell.swift */,
				83CBDFCE1FAAAD7F002C0268 /* MovieCategoryTableViewCell.swift */,
				83CBDFD21FACB11C002C0268 /* FeatureMovieTableViewCell.swift */,
			);
			name = Cells;
			sourceTree = "<group>";
		};
		836C64642138B9CF003C00CD /* Services */ = {
			isa = PBXGroup;
			children = (
				839266291FD4ADD3001DD2ED /* PersistanceService.swift */,
				839715451EAA5B8E003E356A /* WebService.swift */,
			);
			name = Services;
			sourceTree = "<group>";
		};
		836C64672138CC77003C00CD /* View Models */ = {
			isa = PBXGroup;
			children = (
				836C64682138CD84003C00CD /* MovieListViewModel.swift */,
				83D1465A2150382B00AA7F64 /* FeatureMovieViewModel.swift */,
				833BEDE52156A71D00581F0E /* DetailViewModel.swift */,
				833BEDE72156C69400581F0E /* CastListViewModel.swift */,
				833BEDEF2167D26100581F0E /* FavoriteListViewModel.swift */,
				833BEDF32167F25800581F0E /* SearchListViewModel.swift */,
			);
			name = "View Models";
			sourceTree = "<group>";
		};
		839715271EAA5185003E356A = {
			isa = PBXGroup;
			children = (
				839715321EAA5186003E356A /* PalCine */,
				839715311EAA5186003E356A /* Products */,
				8867ED9A083D4B9B0EAC40C3 /* Pods */,
				6A9ED57635AE381AF0600287 /* Frameworks */,
			);
			sourceTree = "<group>";
		};
		839715311EAA5186003E356A /* Products */ = {
			isa = PBXGroup;
			children = (
				839715301EAA5186003E356A /* PalCine.app */,
			);
			name = Products;
			sourceTree = "<group>";
		};
		839715321EAA5186003E356A /* PalCine */ = {
			isa = PBXGroup;
			children = (
				833BEDEE2163B74000581F0E /* Cells */,
				833BEDEB2162ABDE00581F0E /* Data Source */,
				836C64672138CC77003C00CD /* View Models */,
				836C64642138B9CF003C00CD /* Services */,
				839715331EAA5186003E356A /* AppDelegate.swift */,
				83627F001F0162E4006E3BDA /* Utils+Extensions.swift */,
				833BEDE9215E7D5700581F0E /* GenderTagStackVIew.swift */,
				8306CF821F799B5A008A97DF /* GenresLabel.swift */,
				83A19EE81FFD671C0012965F /* MovieDetailCurveShape.swift */,
				833BEDF52177881D00581F0E /* PlayTrailerButton.swift */,
				833BEDF7217C022D00581F0E /* Animations.swift */,
				8389F4F7217FBB7B0008C5E7 /* NetNotificationView.swift */,
				83E1DA94218CF0C300266F37 /* RootViewController.swift */,
				839715E61EB39F0E003E356A /* Model */,
				839715E71EB39F15003E356A /* View */,
				839715E81EB39F1B003E356A /* Controller */,
				8397153A1EAA5186003E356A /* Assets.xcassets */,
				8397153F1EAA5186003E356A /* Info.plist */,
				83CBDFF41FD35AFD002C0268 /* MovieModel.xcdatamodeld */,
			);
			path = PalCine;
			sourceTree = "<group>";
		};
		839715E61EB39F0E003E356A /* Model */ = {
			isa = PBXGroup;
			children = (
				839266351FD4C5E9001DD2ED /* MovieEntity.swift */,
				839266331FD4C5E9001DD2ED /* MovieEntity+CoreDataProperties.swift */,
				839266341FD4C5E9001DD2ED /* CastEntity.swift */,
				839266361FD4C5E9001DD2ED /* CastEntity+CoreDataProperties.swift */,
				835D14A01F5464B20081A8B9 /* Cast.swift */,
				839715471EB27868003E356A /* Movie.swift */,
			);
			name = Model;
			sourceTree = "<group>";
		};
		839715E71EB39F15003E356A /* View */ = {
			isa = PBXGroup;
			children = (
				839715371EAA5186003E356A /* Main.storyboard */,
				8397153C1EAA5186003E356A /* LaunchScreen.storyboard */,
			);
			name = View;
			sourceTree = "<group>";
		};
		839715E81EB39F1B003E356A /* Controller */ = {
			isa = PBXGroup;
			children = (
				83CBDFD01FAB8487002C0268 /* LoadingScreenViewController.swift */,
				830B78A11FA8FA3A006A2C16 /* HomeViewController.swift */,
				835D14A21F62DE370081A8B9 /* SearchViewController.swift */,
				83627F021F0A8B33006E3BDA /* DetailViewController.swift */,
				83CBDFD41FBF74C6002C0268 /* FavoritesViewController.swift */,
			);
			name = Controller;
			sourceTree = "<group>";
		};
		8867ED9A083D4B9B0EAC40C3 /* Pods */ = {
			isa = PBXGroup;
			children = (
				D6CD0864ED6B60693E006C84 /* Pods-PalCine.debug.xcconfig */,
				663EAD38ACB8D40D785F00C3 /* Pods-PalCine.release.xcconfig */,
			);
			name = Pods;
			sourceTree = "<group>";
		};
/* End PBXGroup section */

/* Begin PBXNativeTarget section */
		8397152F1EAA5185003E356A /* PalCine */ = {
			isa = PBXNativeTarget;
			buildConfigurationList = 839715421EAA5186003E356A /* Build configuration list for PBXNativeTarget "PalCine" */;
			buildPhases = (
				58F60FAA44CCF6447612A7A4 /* [CP] Check Pods Manifest.lock */,
				8397152C1EAA5185003E356A /* Sources */,
				8397152D1EAA5185003E356A /* Frameworks */,
				8397152E1EAA5185003E356A /* Resources */,
				4B84CAF5987FFD990592EAAF /* [CP] Embed Pods Frameworks */,
			);
			buildRules = (
			);
			dependencies = (
			);
			name = PalCine;
			productName = PalCine;
			productReference = 839715301EAA5186003E356A /* PalCine.app */;
			productType = "com.apple.product-type.application";
		};
/* End PBXNativeTarget section */

/* Begin PBXProject section */
		839715281EAA5185003E356A /* Project object */ = {
			isa = PBXProject;
			attributes = {
				LastSwiftUpdateCheck = 0830;
				LastUpgradeCheck = 1000;
				ORGANIZATIONNAME = "Oscar Santos";
				TargetAttributes = {
					8397152F1EAA5185003E356A = {
						CreatedOnToolsVersion = 8.3.2;
						DevelopmentTeam = KLE9AZ4P8C;
						LastSwiftMigration = 1010;
						ProvisioningStyle = Automatic;
					};
				};
			};
			buildConfigurationList = 8397152B1EAA5185003E356A /* Build configuration list for PBXProject "PalCine" */;
			compatibilityVersion = "Xcode 3.2";
			developmentRegion = English;
			hasScannedForEncodings = 0;
			knownRegions = (
				en,
				Base,
			);
			mainGroup = 839715271EAA5185003E356A;
			productRefGroup = 839715311EAA5186003E356A /* Products */;
			projectDirPath = "";
			projectRoot = "";
			targets = (
				8397152F1EAA5185003E356A /* PalCine */,
			);
		};
/* End PBXProject section */

/* Begin PBXResourcesBuildPhase section */
		8397152E1EAA5185003E356A /* Resources */ = {
			isa = PBXResourcesBuildPhase;
			buildActionMask = 2147483647;
			files = (
				8397153E1EAA5186003E356A /* LaunchScreen.storyboard in Resources */,
				8397153B1EAA5186003E356A /* Assets.xcassets in Resources */,
				839715391EAA5186003E356A /* Main.storyboard in Resources */,
			);
			runOnlyForDeploymentPostprocessing = 0;
		};
/* End PBXResourcesBuildPhase section */

/* Begin PBXShellScriptBuildPhase section */
		4B84CAF5987FFD990592EAAF /* [CP] Embed Pods Frameworks */ = {
			isa = PBXShellScriptBuildPhase;
			buildActionMask = 2147483647;
			files = (
			);
			inputPaths = (
				"${SRCROOT}/Pods/Target Support Files/Pods-PalCine/Pods-PalCine-frameworks.sh",
				"${BUILT_PRODUCTS_DIR}/Alamofire/Alamofire.framework",
				"${BUILT_PRODUCTS_DIR}/AlamofireImage/AlamofireImage.framework",
			);
			name = "[CP] Embed Pods Frameworks";
			outputPaths = (
				"${TARGET_BUILD_DIR}/${FRAMEWORKS_FOLDER_PATH}/Alamofire.framework",
				"${TARGET_BUILD_DIR}/${FRAMEWORKS_FOLDER_PATH}/AlamofireImage.framework",
			);
			runOnlyForDeploymentPostprocessing = 0;
			shellPath = /bin/sh;
			shellScript = "\"${SRCROOT}/Pods/Target Support Files/Pods-PalCine/Pods-PalCine-frameworks.sh\"\n";
			showEnvVarsInLog = 0;
		};
		58F60FAA44CCF6447612A7A4 /* [CP] Check Pods Manifest.lock */ = {
			isa = PBXShellScriptBuildPhase;
			buildActionMask = 2147483647;
			files = (
			);
			inputPaths = (
				"${PODS_PODFILE_DIR_PATH}/Podfile.lock",
				"${PODS_ROOT}/Manifest.lock",
			);
			name = "[CP] Check Pods Manifest.lock";
			outputPaths = (
				"$(DERIVED_FILE_DIR)/Pods-PalCine-checkManifestLockResult.txt",
			);
			runOnlyForDeploymentPostprocessing = 0;
			shellPath = /bin/sh;
			shellScript = "diff \"${PODS_PODFILE_DIR_PATH}/Podfile.lock\" \"${PODS_ROOT}/Manifest.lock\" > /dev/null\nif [ $? != 0 ] ; then\n    # print error to STDERR\n    echo \"error: The sandbox is not in sync with the Podfile.lock. Run 'pod install' or update your CocoaPods installation.\" >&2\n    exit 1\nfi\n# This output is used by Xcode 'outputs' to avoid re-running this script phase.\necho \"SUCCESS\" > \"${SCRIPT_OUTPUT_FILE_0}\"\n";
			showEnvVarsInLog = 0;
		};
/* End PBXShellScriptBuildPhase section */

/* Begin PBXSourcesBuildPhase section */
		8397152C1EAA5185003E356A /* Sources */ = {
			isa = PBXSourcesBuildPhase;
			buildActionMask = 2147483647;
			files = (
				835D14A31F62DE370081A8B9 /* SearchViewController.swift in Sources */,
				839715461EAA5B8E003E356A /* WebService.swift in Sources */,
				835D14A11F5464B20081A8B9 /* Cast.swift in Sources */,
				839266381FD4C5EA001DD2ED /* CastEntity.swift in Sources */,
				833BEDED2162ACC300581F0E /* MyCollectionViewDataSource.swift in Sources */,
				83CBDFD11FAB8487002C0268 /* LoadingScreenViewController.swift in Sources */,
				839266371FD4C5EA001DD2ED /* MovieEntity+CoreDataProperties.swift in Sources */,
				8389F4F8217FBB7B0008C5E7 /* NetNotificationView.swift in Sources */,
				839266391FD4C5EA001DD2ED /* MovieEntity.swift in Sources */,
				83CBDFD31FACB11C002C0268 /* FeatureMovieTableViewCell.swift in Sources */,
				83E1DA95218CF0C300266F37 /* RootViewController.swift in Sources */,
				833BEDE82156C69400581F0E /* CastListViewModel.swift in Sources */,
				833BEDE62156A71D00581F0E /* DetailViewModel.swift in Sources */,
				833BEDF02167D26100581F0E /* FavoriteListViewModel.swift in Sources */,
				83627F011F0162E4006E3BDA /* Utils+Extensions.swift in Sources */,
				839715EC1EBB7B4A003E356A /* MovieCollectionViewCell.swift in Sources */,
				836C64692138CD84003C00CD /* MovieListViewModel.swift in Sources */,
				833BEDF22167E05300581F0E /* MyTableViewDataSource.swift in Sources */,
				839715481EB27868003E356A /* Movie.swift in Sources */,
				833BEDF42167F25800581F0E /* SearchListViewModel.swift in Sources */,
				835D149F1F50CA5E0081A8B9 /* CastCollectionViewCell.swift in Sources */,
				83CBDFD51FBF74C6002C0268 /* FavoritesViewController.swift in Sources */,
				833BEDF8217C022D00581F0E /* Animations.swift in Sources */,
				83D1465B2150382B00AA7F64 /* FeatureMovieViewModel.swift in Sources */,
				8392662A1FD4ADD3001DD2ED /* PersistanceService.swift in Sources */,
				8306CF831F799B5A008A97DF /* GenresLabel.swift in Sources */,
				833BEDF62177881D00581F0E /* PlayTrailerButton.swift in Sources */,
				83CBDFCF1FAAAD7F002C0268 /* MovieCategoryTableViewCell.swift in Sources */,
				833BEDEA215E7D5700581F0E /* GenderTagStackVIew.swift in Sources */,
				8392663A1FD4C5EA001DD2ED /* CastEntity+CoreDataProperties.swift in Sources */,
				830B78A21FA8FA3A006A2C16 /* HomeViewController.swift in Sources */,
				83CBDFF61FD35AFD002C0268 /* MovieModel.xcdatamodeld in Sources */,
				839715341EAA5186003E356A /* AppDelegate.swift in Sources */,
				83A19EE91FFD671C0012965F /* MovieDetailCurveShape.swift in Sources */,
				83627F031F0A8B33006E3BDA /* DetailViewController.swift in Sources */,
			);
			runOnlyForDeploymentPostprocessing = 0;
		};
/* End PBXSourcesBuildPhase section */

/* Begin PBXVariantGroup section */
		839715371EAA5186003E356A /* Main.storyboard */ = {
			isa = PBXVariantGroup;
			children = (
				839715381EAA5186003E356A /* Base */,
			);
			name = Main.storyboard;
			sourceTree = "<group>";
		};
		8397153C1EAA5186003E356A /* LaunchScreen.storyboard */ = {
			isa = PBXVariantGroup;
			children = (
				8397153D1EAA5186003E356A /* Base */,
			);
			name = LaunchScreen.storyboard;
			sourceTree = "<group>";
		};
/* End PBXVariantGroup section */

/* Begin XCBuildConfiguration section */
		839715401EAA5186003E356A /* Debug */ = {
			isa = XCBuildConfiguration;
			buildSettings = {
				ALWAYS_SEARCH_USER_PATHS = NO;
				CLANG_ANALYZER_NONNULL = YES;
				CLANG_ANALYZER_NUMBER_OBJECT_CONVERSION = YES_AGGRESSIVE;
				CLANG_CXX_LANGUAGE_STANDARD = "gnu++0x";
				CLANG_CXX_LIBRARY = "libc++";
				CLANG_ENABLE_MODULES = YES;
				CLANG_ENABLE_OBJC_ARC = YES;
				CLANG_WARN_BLOCK_CAPTURE_AUTORELEASING = YES;
				CLANG_WARN_BOOL_CONVERSION = YES;
				CLANG_WARN_COMMA = YES;
				CLANG_WARN_CONSTANT_CONVERSION = YES;
				CLANG_WARN_DEPRECATED_OBJC_IMPLEMENTATIONS = YES;
				CLANG_WARN_DIRECT_OBJC_ISA_USAGE = YES_ERROR;
				CLANG_WARN_DOCUMENTATION_COMMENTS = YES;
				CLANG_WARN_EMPTY_BODY = YES;
				CLANG_WARN_ENUM_CONVERSION = YES;
				CLANG_WARN_INFINITE_RECURSION = YES;
				CLANG_WARN_INT_CONVERSION = YES;
				CLANG_WARN_NON_LITERAL_NULL_CONVERSION = YES;
				CLANG_WARN_OBJC_IMPLICIT_RETAIN_SELF = YES;
				CLANG_WARN_OBJC_LITERAL_CONVERSION = YES;
				CLANG_WARN_OBJC_ROOT_CLASS = YES_ERROR;
				CLANG_WARN_RANGE_LOOP_ANALYSIS = YES;
				CLANG_WARN_STRICT_PROTOTYPES = YES;
				CLANG_WARN_SUSPICIOUS_MOVE = YES;
				CLANG_WARN_UNREACHABLE_CODE = YES;
				CLANG_WARN__DUPLICATE_METHOD_MATCH = YES;
				"CODE_SIGN_IDENTITY[sdk=iphoneos*]" = "iPhone Developer";
				COPY_PHASE_STRIP = NO;
				DEBUG_INFORMATION_FORMAT = dwarf;
				ENABLE_STRICT_OBJC_MSGSEND = YES;
				ENABLE_TESTABILITY = YES;
				GCC_C_LANGUAGE_STANDARD = gnu99;
				GCC_DYNAMIC_NO_PIC = NO;
				GCC_NO_COMMON_BLOCKS = YES;
				GCC_OPTIMIZATION_LEVEL = 0;
				GCC_PREPROCESSOR_DEFINITIONS = (
					"DEBUG=1",
					"$(inherited)",
				);
				GCC_WARN_64_TO_32_BIT_CONVERSION = YES;
				GCC_WARN_ABOUT_RETURN_TYPE = YES_ERROR;
				GCC_WARN_UNDECLARED_SELECTOR = YES;
				GCC_WARN_UNINITIALIZED_AUTOS = YES_AGGRESSIVE;
				GCC_WARN_UNUSED_FUNCTION = YES;
				GCC_WARN_UNUSED_VARIABLE = YES;
				IPHONEOS_DEPLOYMENT_TARGET = 11.2;
				MTL_ENABLE_DEBUG_INFO = YES;
				ONLY_ACTIVE_ARCH = YES;
				SDKROOT = iphoneos;
				SWIFT_ACTIVE_COMPILATION_CONDITIONS = DEBUG;
				SWIFT_OPTIMIZATION_LEVEL = "-Onone";
			};
			name = Debug;
		};
		839715411EAA5186003E356A /* Release */ = {
			isa = XCBuildConfiguration;
			buildSettings = {
				ALWAYS_SEARCH_USER_PATHS = NO;
				CLANG_ANALYZER_NONNULL = YES;
				CLANG_ANALYZER_NUMBER_OBJECT_CONVERSION = YES_AGGRESSIVE;
				CLANG_CXX_LANGUAGE_STANDARD = "gnu++0x";
				CLANG_CXX_LIBRARY = "libc++";
				CLANG_ENABLE_MODULES = YES;
				CLANG_ENABLE_OBJC_ARC = YES;
				CLANG_WARN_BLOCK_CAPTURE_AUTORELEASING = YES;
				CLANG_WARN_BOOL_CONVERSION = YES;
				CLANG_WARN_COMMA = YES;
				CLANG_WARN_CONSTANT_CONVERSION = YES;
				CLANG_WARN_DEPRECATED_OBJC_IMPLEMENTATIONS = YES;
				CLANG_WARN_DIRECT_OBJC_ISA_USAGE = YES_ERROR;
				CLANG_WARN_DOCUMENTATION_COMMENTS = YES;
				CLANG_WARN_EMPTY_BODY = YES;
				CLANG_WARN_ENUM_CONVERSION = YES;
				CLANG_WARN_INFINITE_RECURSION = YES;
				CLANG_WARN_INT_CONVERSION = YES;
				CLANG_WARN_NON_LITERAL_NULL_CONVERSION = YES;
				CLANG_WARN_OBJC_IMPLICIT_RETAIN_SELF = YES;
				CLANG_WARN_OBJC_LITERAL_CONVERSION = YES;
				CLANG_WARN_OBJC_ROOT_CLASS = YES_ERROR;
				CLANG_WARN_RANGE_LOOP_ANALYSIS = YES;
				CLANG_WARN_STRICT_PROTOTYPES = YES;
				CLANG_WARN_SUSPICIOUS_MOVE = YES;
				CLANG_WARN_UNREACHABLE_CODE = YES;
				CLANG_WARN__DUPLICATE_METHOD_MATCH = YES;
				"CODE_SIGN_IDENTITY[sdk=iphoneos*]" = "iPhone Developer";
				COPY_PHASE_STRIP = NO;
				DEBUG_INFORMATION_FORMAT = "dwarf-with-dsym";
				ENABLE_NS_ASSERTIONS = NO;
				ENABLE_STRICT_OBJC_MSGSEND = YES;
				GCC_C_LANGUAGE_STANDARD = gnu99;
				GCC_NO_COMMON_BLOCKS = YES;
				GCC_WARN_64_TO_32_BIT_CONVERSION = YES;
				GCC_WARN_ABOUT_RETURN_TYPE = YES_ERROR;
				GCC_WARN_UNDECLARED_SELECTOR = YES;
				GCC_WARN_UNINITIALIZED_AUTOS = YES_AGGRESSIVE;
				GCC_WARN_UNUSED_FUNCTION = YES;
				GCC_WARN_UNUSED_VARIABLE = YES;
				IPHONEOS_DEPLOYMENT_TARGET = 11.2;
				MTL_ENABLE_DEBUG_INFO = NO;
				SDKROOT = iphoneos;
				SWIFT_OPTIMIZATION_LEVEL = "-Owholemodule";
				VALIDATE_PRODUCT = YES;
			};
			name = Release;
		};
		839715431EAA5186003E356A /* Debug */ = {
			isa = XCBuildConfiguration;
			baseConfigurationReference = D6CD0864ED6B60693E006C84 /* Pods-PalCine.debug.xcconfig */;
			buildSettings = {
				ASSETCATALOG_COMPILER_APPICON_NAME = AppIcon;
				"CODE_SIGN_IDENTITY[sdk=iphoneos*]" = "iPhone Developer";
				CODE_SIGN_STYLE = Automatic;
				DEVELOPMENT_TEAM = KLE9AZ4P8C;
				INFOPLIST_FILE = PalCine/Info.plist;
				LD_RUNPATH_SEARCH_PATHS = "$(inherited) @executable_path/Frameworks";
				PRODUCT_BUNDLE_IDENTIFIER = com.oscarsantos1.PalCine;
				PRODUCT_NAME = "$(TARGET_NAME)";
				PROVISIONING_PROFILE_SPECIFIER = "";
				SWIFT_VERSION = 4.2;
			};
			name = Debug;
		};
		839715441EAA5186003E356A /* Release */ = {
			isa = XCBuildConfiguration;
			baseConfigurationReference = 663EAD38ACB8D40D785F00C3 /* Pods-PalCine.release.xcconfig */;
			buildSettings = {
				ASSETCATALOG_COMPILER_APPICON_NAME = AppIcon;
				"CODE_SIGN_IDENTITY[sdk=iphoneos*]" = "iPhone Developer";
				CODE_SIGN_STYLE = Automatic;
				DEVELOPMENT_TEAM = KLE9AZ4P8C;
				INFOPLIST_FILE = PalCine/Info.plist;
				LD_RUNPATH_SEARCH_PATHS = "$(inherited) @executable_path/Frameworks";
				PRODUCT_BUNDLE_IDENTIFIER = com.oscarsantos1.PalCine;
				PRODUCT_NAME = "$(TARGET_NAME)";
				PROVISIONING_PROFILE_SPECIFIER = "";
				SWIFT_VERSION = 4.2;
			};
			name = Release;
		};
/* End XCBuildConfiguration section */

/* Begin XCConfigurationList section */
		8397152B1EAA5185003E356A /* Build configuration list for PBXProject "PalCine" */ = {
			isa = XCConfigurationList;
			buildConfigurations = (
				839715401EAA5186003E356A /* Debug */,
				839715411EAA5186003E356A /* Release */,
			);
			defaultConfigurationIsVisible = 0;
			defaultConfigurationName = Debug;
		};
		839715421EAA5186003E356A /* Build configuration list for PBXNativeTarget "PalCine" */ = {
			isa = XCConfigurationList;
			buildConfigurations = (
				839715431EAA5186003E356A /* Debug */,
				839715441EAA5186003E356A /* Release */,
			);
			defaultConfigurationIsVisible = 0;
			defaultConfigurationName = Debug;
		};
/* End XCConfigurationList section */

/* Begin XCVersionGroup section */
		83CBDFF41FD35AFD002C0268 /* MovieModel.xcdatamodeld */ = {
			isa = XCVersionGroup;
			children = (
				83CBDFF51FD35AFD002C0268 /* Movie.xcdatamodel */,
			);
			currentVersion = 83CBDFF51FD35AFD002C0268 /* Movie.xcdatamodel */;
			path = MovieModel.xcdatamodeld;
			sourceTree = "<group>";
			versionGroupType = wrapper.xcdatamodel;
		};
/* End XCVersionGroup section */
	};
	rootObject = 839715281EAA5185003E356A /* Project object */;
}
